
Microsoft Visual Studio Solution File, Format Version 12.00
# Visual Studio Version 16
VisualStudioVersion = 16.0.32510.428
MinimumVisualStudioVersion = 10.0.40219.1
Project("{FAE04EC0-301F-11D3-BF4B-00C04F79EFBC}") = "AutoLocalizationInator", "AutoLocalizationInator\AutoLocalizationInator.csproj", "{FD57932A-939C-45E2-8074-E791FE2FD05D}"
EndProject
Global
	GlobalSection(SolutionConfigurationPlatforms) = preSolution
		Debug|Any CPU = Debug|Any CPU
		Release|Any CPU = Release|Any CPU
	EndGlobalSection
	GlobalSection(ProjectConfigurationPlatforms) = postSolution
		{FD57932A-939C-45E2-8074-E791FE2FD05D}.Debug|Any CPU.ActiveCfg = Debug|Any CPU
		{FD57932A-939C-45E2-8074-E791FE2FD05D}.Debug|Any CPU.Build.0 = Debug|Any CPU
		{FD57932A-939C-45E2-8074-E791FE2FD05D}.Release|Any CPU.ActiveCfg = Release|Any CPU
		{FD57932A-939C-45E2-8074-E791FE2FD05D}.Release|Any CPU.Build.0 = Release|Any CPU
	EndGlobalSection
	GlobalSection(SolutionProperties) = preSolution
		HideSolutionNode = FALSE
	EndGlobalSection
	GlobalSection(ExtensibilityGlobals) = postSolution
		SolutionGuid = {BBE1B4D4-45CC-4D93-99CE-4411B66F42F4}
	EndGlobalSection
EndGlobal
